// !$*UTF8*$!
{
	archiveVersion = 1;
	classes = {
	};
	objectVersion = 56;
	objects = {

/* Begin PBXBuildFile section */
		DCCF8E972ACE476F00E376E9 /* AppDelegate.swift in Sources */ = {isa = PBXBuildFile; fileRef = DCCF8E962ACE476F00E376E9 /* AppDelegate.swift */; };
		DCCF8E992ACE476F00E376E9 /* SceneDelegate.swift in Sources */ = {isa = PBXBuildFile; fileRef = DCCF8E982ACE476F00E376E9 /* SceneDelegate.swift */; };
		DCCF8E9B2ACE476F00E376E9 /* ViewController.swift in Sources */ = {isa = PBXBuildFile; fileRef = DCCF8E9A2ACE476F00E376E9 /* ViewController.swift */; };
		DCCF8E9E2ACE476F00E376E9 /* Main.storyboard in Resources */ = {isa = PBXBuildFile; fileRef = DCCF8E9C2ACE476F00E376E9 /* Main.storyboard */; };
		DCCF8EA02ACE477500E376E9 /* Assets.xcassets in Resources */ = {isa = PBXBuildFile; fileRef = DCCF8E9F2ACE477500E376E9 /* Assets.xcassets */; };
		DCCF8EA32ACE477500E376E9 /* LaunchScreen.storyboard in Resources */ = {isa = PBXBuildFile; fileRef = DCCF8EA12ACE477500E376E9 /* LaunchScreen.storyboard */; };
		DCCF8EAE2ACE477700E376E9 /* github_actions_practiceTests.swift in Sources */ = {isa = PBXBuildFile; fileRef = DCCF8EAD2ACE477700E376E9 /* github_actions_practiceTests.swift */; };
		DCCF8EB82ACE477700E376E9 /* github_actions_practiceUITests.swift in Sources */ = {isa = PBXBuildFile; fileRef = DCCF8EB72ACE477700E376E9 /* github_actions_practiceUITests.swift */; };
		DCCF8EBA2ACE477700E376E9 /* github_actions_practiceUITestsLaunchTests.swift in Sources */ = {isa = PBXBuildFile; fileRef = DCCF8EB92ACE477700E376E9 /* github_actions_practiceUITestsLaunchTests.swift */; };
/* End PBXBuildFile section */

/* Begin PBXContainerItemProxy section */
		DCCF8EAA2ACE477700E376E9 /* PBXContainerItemProxy */ = {
			isa = PBXContainerItemProxy;
			containerPortal = DCCF8E8B2ACE476F00E376E9 /* Project object */;
			proxyType = 1;
			remoteGlobalIDString = DCCF8E922ACE476F00E376E9;
			remoteInfo = github_actions_practice;
		};
		DCCF8EB42ACE477700E376E9 /* PBXContainerItemProxy */ = {
			isa = PBXContainerItemProxy;
			containerPortal = DCCF8E8B2ACE476F00E376E9 /* Project object */;
			proxyType = 1;
			remoteGlobalIDString = DCCF8E922ACE476F00E376E9;
			remoteInfo = github_actions_practice;
		};
/* End PBXContainerItemProxy section */

/* Begin PBXFileReference section */
		DCCF8E932ACE476F00E376E9 /* github_actions_practice.app */ = {isa = PBXFileReference; explicitFileType = wrapper.application; includeInIndex = 0; path = github_actions_practice.app; sourceTree = BUILT_PRODUCTS_DIR; };
		DCCF8E962ACE476F00E376E9 /* AppDelegate.swift */ = {isa = PBXFileReference; lastKnownFileType = sourcecode.swift; path = AppDelegate.swift; sourceTree = "<group>"; };
		DCCF8E982ACE476F00E376E9 /* SceneDelegate.swift */ = {isa = PBXFileReference; lastKnownFileType = sourcecode.swift; path = SceneDelegate.swift; sourceTree = "<group>"; };
		DCCF8E9A2ACE476F00E376E9 /* ViewController.swift */ = {isa = PBXFileReference; lastKnownFileType = sourcecode.swift; path = ViewController.swift; sourceTree = "<group>"; };
		DCCF8E9D2ACE476F00E376E9 /* Base */ = {isa = PBXFileReference; lastKnownFileType = file.storyboard; name = Base; path = Base.lproj/Main.storyboard; sourceTree = "<group>"; };
		DCCF8E9F2ACE477500E376E9 /* Assets.xcassets */ = {isa = PBXFileReference; lastKnownFileType = folder.assetcatalog; path = Assets.xcassets; sourceTree = "<group>"; };
		DCCF8EA22ACE477500E376E9 /* Base */ = {isa = PBXFileReference; lastKnownFileType = file.storyboard; name = Base; path = Base.lproj/LaunchScreen.storyboard; sourceTree = "<group>"; };
		DCCF8EA42ACE477500E376E9 /* Info.plist */ = {isa = PBXFileReference; lastKnownFileType = text.plist.xml; path = Info.plist; sourceTree = "<group>"; };
		DCCF8EA92ACE477700E376E9 /* github_actions_practiceTests.xctest */ = {isa = PBXFileReference; explicitFileType = wrapper.cfbundle; includeInIndex = 0; path = github_actions_practiceTests.xctest; sourceTree = BUILT_PRODUCTS_DIR; };
		DCCF8EAD2ACE477700E376E9 /* github_actions_practiceTests.swift */ = {isa = PBXFileReference; lastKnownFileType = sourcecode.swift; path = github_actions_practiceTests.swift; sourceTree = "<group>"; };
		DCCF8EB32ACE477700E376E9 /* github_actions_practiceUITests.xctest */ = {isa = PBXFileReference; explicitFileType = wrapper.cfbundle; includeInIndex = 0; path = github_actions_practiceUITests.xctest; sourceTree = BUILT_PRODUCTS_DIR; };
		DCCF8EB72ACE477700E376E9 /* github_actions_practiceUITests.swift */ = {isa = PBXFileReference; lastKnownFileType = sourcecode.swift; path = github_actions_practiceUITests.swift; sourceTree = "<group>"; };
		DCCF8EB92ACE477700E376E9 /* github_actions_practiceUITestsLaunchTests.swift */ = {isa = PBXFileReference; lastKnownFileType = sourcecode.swift; path = github_actions_practiceUITestsLaunchTests.swift; sourceTree = "<group>"; };
/* End PBXFileReference section */

/* Begin PBXFrameworksBuildPhase section */
		DCCF8E902ACE476F00E376E9 /* Frameworks */ = {
			isa = PBXFrameworksBuildPhase;
			buildActionMask = 2147483647;
			files = (
			);
			runOnlyForDeploymentPostprocessing = 0;
		};
		DCCF8EA62ACE477700E376E9 /* Frameworks */ = {
			isa = PBXFrameworksBuildPhase;
			buildActionMask = 2147483647;
			files = (
			);
			runOnlyForDeploymentPostprocessing = 0;
		};
		DCCF8EB02ACE477700E376E9 /* Frameworks */ = {
			isa = PBXFrameworksBuildPhase;
			buildActionMask = 2147483647;
			files = (
			);
			runOnlyForDeploymentPostprocessing = 0;
		};
/* End PBXFrameworksBuildPhase section */

/* Begin PBXGroup section */
		DCCF8E8A2ACE476F00E376E9 = {
			isa = PBXGroup;
			children = (
				DCCF8E952ACE476F00E376E9 /* github_actions_practice */,
				DCCF8EAC2ACE477700E376E9 /* github_actions_practiceTests */,
				DCCF8EB62ACE477700E376E9 /* github_actions_practiceUITests */,
				DCCF8E942ACE476F00E376E9 /* Products */,
			);
			sourceTree = "<group>";
		};
		DCCF8E942ACE476F00E376E9 /* Products */ = {
			isa = PBXGroup;
			children = (
				DCCF8E932ACE476F00E376E9 /* github_actions_practice.app */,
				DCCF8EA92ACE477700E376E9 /* github_actions_practiceTests.xctest */,
				DCCF8EB32ACE477700E376E9 /* github_actions_practiceUITests.xctest */,
			);
			name = Products;
			sourceTree = "<group>";
		};
		DCCF8E952ACE476F00E376E9 /* github_actions_practice */ = {
			isa = PBXGroup;
			children = (
				DCCF8E962ACE476F00E376E9 /* AppDelegate.swift */,
				DCCF8E982ACE476F00E376E9 /* SceneDelegate.swift */,
				DCCF8E9A2ACE476F00E376E9 /* ViewController.swift */,
				DCCF8E9C2ACE476F00E376E9 /* Main.storyboard */,
				DCCF8E9F2ACE477500E376E9 /* Assets.xcassets */,
				DCCF8EA12ACE477500E376E9 /* LaunchScreen.storyboard */,
				DCCF8EA42ACE477500E376E9 /* Info.plist */,
			);
			path = github_actions_practice;
			sourceTree = "<group>";
		};
		DCCF8EAC2ACE477700E376E9 /* github_actions_practiceTests */ = {
			isa = PBXGroup;
			children = (
				DCCF8EAD2ACE477700E376E9 /* github_actions_practiceTests.swift */,
			);
			path = github_actions_practiceTests;
			sourceTree = "<group>";
		};
		DCCF8EB62ACE477700E376E9 /* github_actions_practiceUITests */ = {
			isa = PBXGroup;
			children = (
				DCCF8EB72ACE477700E376E9 /* github_actions_practiceUITests.swift */,
				DCCF8EB92ACE477700E376E9 /* github_actions_practiceUITestsLaunchTests.swift */,
			);
			path = github_actions_practiceUITests;
			sourceTree = "<group>";
		};
/* End PBXGroup section */

/* Begin PBXNativeTarget section */
		DCCF8E922ACE476F00E376E9 /* github_actions_practice */ = {
			isa = PBXNativeTarget;
			buildConfigurationList = DCCF8EBD2ACE477700E376E9 /* Build configuration list for PBXNativeTarget "github_actions_practice" */;
			buildPhases = (
				DCCF8E8F2ACE476F00E376E9 /* Sources */,
				DCCF8E902ACE476F00E376E9 /* Frameworks */,
				DCCF8E912ACE476F00E376E9 /* Resources */,
			);
			buildRules = (
			);
			dependencies = (
			);
			name = github_actions_practice;
			productName = github_actions_practice;
			productReference = DCCF8E932ACE476F00E376E9 /* github_actions_practice.app */;
			productType = "com.apple.product-type.application";
		};
		DCCF8EA82ACE477700E376E9 /* github_actions_practiceTests */ = {
			isa = PBXNativeTarget;
			buildConfigurationList = DCCF8EC02ACE477700E376E9 /* Build configuration list for PBXNativeTarget "github_actions_practiceTests" */;
			buildPhases = (
				DCCF8EA52ACE477700E376E9 /* Sources */,
				DCCF8EA62ACE477700E376E9 /* Frameworks */,
				DCCF8EA72ACE477700E376E9 /* Resources */,
			);
			buildRules = (
			);
			dependencies = (
				DCCF8EAB2ACE477700E376E9 /* PBXTargetDependency */,
			);
			name = github_actions_practiceTests;
			productName = github_actions_practiceTests;
			productReference = DCCF8EA92ACE477700E376E9 /* github_actions_practiceTests.xctest */;
			productType = "com.apple.product-type.bundle.unit-test";
		};
		DCCF8EB22ACE477700E376E9 /* github_actions_practiceUITests */ = {
			isa = PBXNativeTarget;
			buildConfigurationList = DCCF8EC32ACE477700E376E9 /* Build configuration list for PBXNativeTarget "github_actions_practiceUITests" */;
			buildPhases = (
				DCCF8EAF2ACE477700E376E9 /* Sources */,
				DCCF8EB02ACE477700E376E9 /* Frameworks */,
				DCCF8EB12ACE477700E376E9 /* Resources */,
			);
			buildRules = (
			);
			dependencies = (
				DCCF8EB52ACE477700E376E9 /* PBXTargetDependency */,
			);
			name = github_actions_practiceUITests;
			productName = github_actions_practiceUITests;
			productReference = DCCF8EB32ACE477700E376E9 /* github_actions_practiceUITests.xctest */;
			productType = "com.apple.product-type.bundle.ui-testing";
		};
/* End PBXNativeTarget section */

/* Begin PBXProject section */
		DCCF8E8B2ACE476F00E376E9 /* Project object */ = {
			isa = PBXProject;
			attributes = {
				BuildIndependentTargetsInParallel = 1;
				LastSwiftUpdateCheck = 1430;
				LastUpgradeCheck = 1430;
				TargetAttributes = {
					DCCF8E922ACE476F00E376E9 = {
						CreatedOnToolsVersion = 14.3;
					};
					DCCF8EA82ACE477700E376E9 = {
						CreatedOnToolsVersion = 14.3;
						TestTargetID = DCCF8E922ACE476F00E376E9;
					};
					DCCF8EB22ACE477700E376E9 = {
						CreatedOnToolsVersion = 14.3;
						TestTargetID = DCCF8E922ACE476F00E376E9;
					};
				};
			};
			buildConfigurationList = DCCF8E8E2ACE476F00E376E9 /* Build configuration list for PBXProject "github_actions_practice" */;
			compatibilityVersion = "Xcode 14.0";
			developmentRegion = en;
			hasScannedForEncodings = 0;
			knownRegions = (
				en,
				Base,
			);
			mainGroup = DCCF8E8A2ACE476F00E376E9;
			productRefGroup = DCCF8E942ACE476F00E376E9 /* Products */;
			projectDirPath = "";
			projectRoot = "";
			targets = (
				DCCF8E922ACE476F00E376E9 /* github_actions_practice */,
				DCCF8EA82ACE477700E376E9 /* github_actions_practiceTests */,
				DCCF8EB22ACE477700E376E9 /* github_actions_practiceUITests */,
			);
		};
/* End PBXProject section */

/* Begin PBXResourcesBuildPhase section */
		DCCF8E912ACE476F00E376E9 /* Resources */ = {
			isa = PBXResourcesBuildPhase;
			buildActionMask = 2147483647;
			files = (
				DCCF8EA32ACE477500E376E9 /* LaunchScreen.storyboard in Resources */,
				DCCF8EA02ACE477500E376E9 /* Assets.xcassets in Resources */,
				DCCF8E9E2ACE476F00E376E9 /* Main.storyboard in Resources */,
			);
			runOnlyForDeploymentPostprocessing = 0;
		};
		DCCF8EA72ACE477700E376E9 /* Resources */ = {
			isa = PBXResourcesBuildPhase;
			buildActionMask = 2147483647;
			files = (
			);
			runOnlyForDeploymentPostprocessing = 0;
		};
		DCCF8EB12ACE477700E376E9 /* Resources */ = {
			isa = PBXResourcesBuildPhase;
			buildActionMask = 2147483647;
			files = (
			);
			runOnlyForDeploymentPostprocessing = 0;
		};
/* End PBXResourcesBuildPhase section */

/* Begin PBXSourcesBuildPhase section */
		DCCF8E8F2ACE476F00E376E9 /* Sources */ = {
			isa = PBXSourcesBuildPhase;
			buildActionMask = 2147483647;
			files = (
				DCCF8E9B2ACE476F00E376E9 /* ViewController.swift in Sources */,
				DCCF8E972ACE476F00E376E9 /* AppDelegate.swift in Sources */,
				DCCF8E992ACE476F00E376E9 /* SceneDelegate.swift in Sources */,
			);
			runOnlyForDeploymentPostprocessing = 0;
		};
		DCCF8EA52ACE477700E376E9 /* Sources */ = {
			isa = PBXSourcesBuildPhase;
			buildActionMask = 2147483647;
			files = (
				DCCF8EAE2ACE477700E376E9 /* github_actions_practiceTests.swift in Sources */,
			);
			runOnlyForDeploymentPostprocessing = 0;
		};
		DCCF8EAF2ACE477700E376E9 /* Sources */ = {
			isa = PBXSourcesBuildPhase;
			buildActionMask = 2147483647;
			files = (
				DCCF8EBA2ACE477700E376E9 /* github_actions_practiceUITestsLaunchTests.swift in Sources */,
				DCCF8EB82ACE477700E376E9 /* github_actions_practiceUITests.swift in Sources */,
			);
			runOnlyForDeploymentPostprocessing = 0;
		};
/* End PBXSourcesBuildPhase section */

/* Begin PBXTargetDependency section */
		DCCF8EAB2ACE477700E376E9 /* PBXTargetDependency */ = {
			isa = PBXTargetDependency;
			target = DCCF8E922ACE476F00E376E9 /* github_actions_practice */;
			targetProxy = DCCF8EAA2ACE477700E376E9 /* PBXContainerItemProxy */;
		};
		DCCF8EB52ACE477700E376E9 /* PBXTargetDependency */ = {
			isa = PBXTargetDependency;
			target = DCCF8E922ACE476F00E376E9 /* github_actions_practice */;
			targetProxy = DCCF8EB42ACE477700E376E9 /* PBXContainerItemProxy */;
		};
/* End PBXTargetDependency section */

/* Begin PBXVariantGroup section */
		DCCF8E9C2ACE476F00E376E9 /* Main.storyboard */ = {
			isa = PBXVariantGroup;
			children = (
				DCCF8E9D2ACE476F00E376E9 /* Base */,
			);
			name = Main.storyboard;
			sourceTree = "<group>";
		};
		DCCF8EA12ACE477500E376E9 /* LaunchScreen.storyboard */ = {
			isa = PBXVariantGroup;
			children = (
				DCCF8EA22ACE477500E376E9 /* Base */,
			);
			name = LaunchScreen.storyboard;
			sourceTree = "<group>";
		};
/* End PBXVariantGroup section */

/* Begin XCBuildConfiguration section */
		DCCF8EBB2ACE477700E376E9 /* Debug */ = {
			isa = XCBuildConfiguration;
			buildSettings = {
				ALWAYS_SEARCH_USER_PATHS = NO;
				CLANG_ANALYZER_NONNULL = YES;
				CLANG_ANALYZER_NUMBER_OBJECT_CONVERSION = YES_AGGRESSIVE;
				CLANG_CXX_LANGUAGE_STANDARD = "gnu++20";
				CLANG_ENABLE_MODULES = YES;
				CLANG_ENABLE_OBJC_ARC = YES;
				CLANG_ENABLE_OBJC_WEAK = YES;
				CLANG_WARN_BLOCK_CAPTURE_AUTORELEASING = YES;
				CLANG_WARN_BOOL_CONVERSION = YES;
				CLANG_WARN_COMMA = YES;
				CLANG_WARN_CONSTANT_CONVERSION = YES;
				CLANG_WARN_DEPRECATED_OBJC_IMPLEMENTATIONS = YES;
				CLANG_WARN_DIRECT_OBJC_ISA_USAGE = YES_ERROR;
				CLANG_WARN_DOCUMENTATION_COMMENTS = YES;
				CLANG_WARN_EMPTY_BODY = YES;
				CLANG_WARN_ENUM_CONVERSION = YES;
				CLANG_WARN_INFINITE_RECURSION = YES;
				CLANG_WARN_INT_CONVERSION = YES;
				CLANG_WARN_NON_LITERAL_NULL_CONVERSION = YES;
				CLANG_WARN_OBJC_IMPLICIT_RETAIN_SELF = YES;
				CLANG_WARN_OBJC_LITERAL_CONVERSION = YES;
				CLANG_WARN_OBJC_ROOT_CLASS = YES_ERROR;
				CLANG_WARN_QUOTED_INCLUDE_IN_FRAMEWORK_HEADER = YES;
				CLANG_WARN_RANGE_LOOP_ANALYSIS = YES;
				CLANG_WARN_STRICT_PROTOTYPES = YES;
				CLANG_WARN_SUSPICIOUS_MOVE = YES;
				CLANG_WARN_UNGUARDED_AVAILABILITY = YES_AGGRESSIVE;
				CLANG_WARN_UNREACHABLE_CODE = YES;
				CLANG_WARN__DUPLICATE_METHOD_MATCH = YES;
				COPY_PHASE_STRIP = NO;
				DEBUG_INFORMATION_FORMAT = dwarf;
				ENABLE_STRICT_OBJC_MSGSEND = YES;
				ENABLE_TESTABILITY = YES;
				GCC_C_LANGUAGE_STANDARD = gnu11;
				GCC_DYNAMIC_NO_PIC = NO;
				GCC_NO_COMMON_BLOCKS = YES;
				GCC_OPTIMIZATION_LEVEL = 0;
				GCC_PREPROCESSOR_DEFINITIONS = (
					"DEBUG=1",
					"$(inherited)",
				);
				GCC_WARN_64_TO_32_BIT_CONVERSION = YES;
				GCC_WARN_ABOUT_RETURN_TYPE = YES_ERROR;
				GCC_WARN_UNDECLARED_SELECTOR = YES;
				GCC_WARN_UNINITIALIZED_AUTOS = YES_AGGRESSIVE;
				GCC_WARN_UNUSED_FUNCTION = YES;
				GCC_WARN_UNUSED_VARIABLE = YES;
				IPHONEOS_DEPLOYMENT_TARGET = 16.4;
				MTL_ENABLE_DEBUG_INFO = INCLUDE_SOURCE;
				MTL_FAST_MATH = YES;
				ONLY_ACTIVE_ARCH = YES;
				SDKROOT = iphoneos;
				SWIFT_ACTIVE_COMPILATION_CONDITIONS = DEBUG;
				SWIFT_OPTIMIZATION_LEVEL = "-Onone";
			};
			name = Debug;
		};
		DCCF8EBC2ACE477700E376E9 /* Release */ = {
			isa = XCBuildConfiguration;
			buildSettings = {
				ALWAYS_SEARCH_USER_PATHS = NO;
				CLANG_ANALYZER_NONNULL = YES;
				CLANG_ANALYZER_NUMBER_OBJECT_CONVERSION = YES_AGGRESSIVE;
				CLANG_CXX_LANGUAGE_STANDARD = "gnu++20";
				CLANG_ENABLE_MODULES = YES;
				CLANG_ENABLE_OBJC_ARC = YES;
				CLANG_ENABLE_OBJC_WEAK = YES;
				CLANG_WARN_BLOCK_CAPTURE_AUTORELEASING = YES;
				CLANG_WARN_BOOL_CONVERSION = YES;
				CLANG_WARN_COMMA = YES;
				CLANG_WARN_CONSTANT_CONVERSION = YES;
				CLANG_WARN_DEPRECATED_OBJC_IMPLEMENTATIONS = YES;
				CLANG_WARN_DIRECT_OBJC_ISA_USAGE = YES_ERROR;
				CLANG_WARN_DOCUMENTATION_COMMENTS = YES;
				CLANG_WARN_EMPTY_BODY = YES;
				CLANG_WARN_ENUM_CONVERSION = YES;
				CLANG_WARN_INFINITE_RECURSION = YES;
				CLANG_WARN_INT_CONVERSION = YES;
				CLANG_WARN_NON_LITERAL_NULL_CONVERSION = YES;
				CLANG_WARN_OBJC_IMPLICIT_RETAIN_SELF = YES;
				CLANG_WARN_OBJC_LITERAL_CONVERSION = YES;
				CLANG_WARN_OBJC_ROOT_CLASS = YES_ERROR;
				CLANG_WARN_QUOTED_INCLUDE_IN_FRAMEWORK_HEADER = YES;
				CLANG_WARN_RANGE_LOOP_ANALYSIS = YES;
				CLANG_WARN_STRICT_PROTOTYPES = YES;
				CLANG_WARN_SUSPICIOUS_MOVE = YES;
				CLANG_WARN_UNGUARDED_AVAILABILITY = YES_AGGRESSIVE;
				CLANG_WARN_UNREACHABLE_CODE = YES;
				CLANG_WARN__DUPLICATE_METHOD_MATCH = YES;
				COPY_PHASE_STRIP = NO;
				DEBUG_INFORMATION_FORMAT = "dwarf-with-dsym";
				ENABLE_NS_ASSERTIONS = NO;
				ENABLE_STRICT_OBJC_MSGSEND = YES;
				GCC_C_LANGUAGE_STANDARD = gnu11;
				GCC_NO_COMMON_BLOCKS = YES;
				GCC_WARN_64_TO_32_BIT_CONVERSION = YES;
				GCC_WARN_ABOUT_RETURN_TYPE = YES_ERROR;
				GCC_WARN_UNDECLARED_SELECTOR = YES;
				GCC_WARN_UNINITIALIZED_AUTOS = YES_AGGRESSIVE;
				GCC_WARN_UNUSED_FUNCTION = YES;
				GCC_WARN_UNUSED_VARIABLE = YES;
				IPHONEOS_DEPLOYMENT_TARGET = 16.4;
				MTL_ENABLE_DEBUG_INFO = NO;
				MTL_FAST_MATH = YES;
				SDKROOT = iphoneos;
				SWIFT_COMPILATION_MODE = wholemodule;
				SWIFT_OPTIMIZATION_LEVEL = "-O";
				VALIDATE_PRODUCT = YES;
			};
			name = Release;
		};
		DCCF8EBE2ACE477700E376E9 /* Debug */ = {
			isa = XCBuildConfiguration;
			buildSettings = {
				ASSETCATALOG_COMPILER_APPICON_NAME = AppIcon;
				ASSETCATALOG_COMPILER_GLOBAL_ACCENT_COLOR_NAME = AccentColor;
				CODE_SIGN_STYLE = Automatic;
				CURRENT_PROJECT_VERSION = 1;
				DEVELOPMENT_TEAM = 3V5J37KPR3;
				GENERATE_INFOPLIST_FILE = YES;
				INFOPLIST_FILE = github_actions_practice/Info.plist;
				INFOPLIST_KEY_UIApplicationSupportsIndirectInputEvents = YES;
				INFOPLIST_KEY_UILaunchStoryboardName = LaunchScreen;
				INFOPLIST_KEY_UISupportedInterfaceOrientations_iPad = "UIInterfaceOrientationPortrait UIInterfaceOrientationPortraitUpsideDown UIInterfaceOrientationLandscapeLeft UIInterfaceOrientationLandscapeRight";
				INFOPLIST_KEY_UISupportedInterfaceOrientations_iPhone = "UIInterfaceOrientationPortrait UIInterfaceOrientationLandscapeLeft UIInterfaceOrientationLandscapeRight";
				LD_RUNPATH_SEARCH_PATHS = (
					"$(inherited)",
					"@executable_path/Frameworks",
				);
				MARKETING_VERSION = 1.0;
				PRODUCT_BUNDLE_IDENTIFIER = "youngwoo.github-actions-practice";
				PRODUCT_NAME = "$(TARGET_NAME)";
				SWIFT_EMIT_LOC_STRINGS = YES;
				SWIFT_VERSION = 5.0;
				TARGETED_DEVICE_FAMILY = "1,2";
			};
			name = Debug;
		};
		DCCF8EBF2ACE477700E376E9 /* Release */ = {
			isa = XCBuildConfiguration;
			buildSettings = {
				ASSETCATALOG_COMPILER_APPICON_NAME = AppIcon;
				ASSETCATALOG_COMPILER_GLOBAL_ACCENT_COLOR_NAME = AccentColor;
				CODE_SIGN_STYLE = Automatic;
				CURRENT_PROJECT_VERSION = 1;
				DEVELOPMENT_TEAM = 3V5J37KPR3;
				GENERATE_INFOPLIST_FILE = YES;
				INFOPLIST_FILE = github_actions_practice/Info.plist;
				INFOPLIST_KEY_UIApplicationSupportsIndirectInputEvents = YES;
				INFOPLIST_KEY_UILaunchStoryboardName = LaunchScreen;
				INFOPLIST_KEY_UISupportedInterfaceOrientations_iPad = "UIInterfaceOrientationPortrait UIInterfaceOrientationPortraitUpsideDown UIInterfaceOrientationLandscapeLeft UIInterfaceOrientationLandscapeRight";
				INFOPLIST_KEY_UISupportedInterfaceOrientations_iPhone = "UIInterfaceOrientationPortrait UIInterfaceOrientationLandscapeLeft UIInterfaceOrientationLandscapeRight";
				LD_RUNPATH_SEARCH_PATHS = (
					"$(inherited)",
					"@executable_path/Frameworks",
				);
				MARKETING_VERSION = 1.0;
				PRODUCT_BUNDLE_IDENTIFIER = "youngwoo.github-actions-practice";
				PRODUCT_NAME = "$(TARGET_NAME)";
				SWIFT_EMIT_LOC_STRINGS = YES;
				SWIFT_VERSION = 5.0;
				TARGETED_DEVICE_FAMILY = "1,2";
			};
			name = Release;
		};
		DCCF8EC12ACE477700E376E9 /* Debug */ = {
			isa = XCBuildConfiguration;
			buildSettings = {
				ALWAYS_EMBED_SWIFT_STANDARD_LIBRARIES = YES;
				BUNDLE_LOADER = "$(TEST_HOST)";
				CODE_SIGN_STYLE = Automatic;
				CURRENT_PROJECT_VERSION = 1;
				DEVELOPMENT_TEAM = 3V5J37KPR3;
				GENERATE_INFOPLIST_FILE = YES;
				IPHONEOS_DEPLOYMENT_TARGET = 16.4;
				MARKETING_VERSION = 1.0;
				PRODUCT_BUNDLE_IDENTIFIER = "youngwoo.github-actions-practiceTests";
				PRODUCT_NAME = "$(TARGET_NAME)";
				SWIFT_EMIT_LOC_STRINGS = NO;
				SWIFT_VERSION = 5.0;
				TARGETED_DEVICE_FAMILY = "1,2";
				TEST_HOST = "$(BUILT_PRODUCTS_DIR)/github_actions_practice.app/$(BUNDLE_EXECUTABLE_FOLDER_PATH)/github_actions_practice";
			};
			name = Debug;
		};
		DCCF8EC22ACE477700E376E9 /* Release */ = {
			isa = XCBuildConfiguration;
			buildSettings = {
				ALWAYS_EMBED_SWIFT_STANDARD_LIBRARIES = YES;
				BUNDLE_LOADER = "$(TEST_HOST)";
				CODE_SIGN_STYLE = Automatic;
				CURRENT_PROJECT_VERSION = 1;
				DEVELOPMENT_TEAM = 3V5J37KPR3;
				GENERATE_INFOPLIST_FILE = YES;
				IPHONEOS_DEPLOYMENT_TARGET = 16.4;
				MARKETING_VERSION = 1.0;
				PRODUCT_BUNDLE_IDENTIFIER = "youngwoo.github-actions-practiceTests";
				PRODUCT_NAME = "$(TARGET_NAME)";
				SWIFT_EMIT_LOC_STRINGS = NO;
				SWIFT_VERSION = 5.0;
				TARGETED_DEVICE_FAMILY = "1,2";
				TEST_HOST = "$(BUILT_PRODUCTS_DIR)/github_actions_practice.app/$(BUNDLE_EXECUTABLE_FOLDER_PATH)/github_actions_practice";
			};
			name = Release;
		};
		DCCF8EC42ACE477700E376E9 /* Debug */ = {
			isa = XCBuildConfiguration;
			buildSettings = {
				ALWAYS_EMBED_SWIFT_STANDARD_LIBRARIES = YES;
				CODE_SIGN_STYLE = Automatic;
				CURRENT_PROJECT_VERSION = 1;
				DEVELOPMENT_TEAM = 3V5J37KPR3;
				GENERATE_INFOPLIST_FILE = YES;
				MARKETING_VERSION = 1.0;
				PRODUCT_BUNDLE_IDENTIFIER = "youngwoo.github-actions-practiceUITests";
				PRODUCT_NAME = "$(TARGET_NAME)";
				SWIFT_EMIT_LOC_STRINGS = NO;
				SWIFT_VERSION = 5.0;
				TARGETED_DEVICE_FAMILY = "1,2";
				TEST_TARGET_NAME = github_actions_practice;
			};
			name = Debug;
		};
		DCCF8EC52ACE477700E376E9 /* Release */ = {
			isa = XCBuildConfiguration;
			buildSettings = {
				ALWAYS_EMBED_SWIFT_STANDARD_LIBRARIES = YES;
				CODE_SIGN_STYLE = Automatic;
				CURRENT_PROJECT_VERSION = 1;
				DEVELOPMENT_TEAM = 3V5J37KPR3;
				GENERATE_INFOPLIST_FILE = YES;
				MARKETING_VERSION = 1.0;
				PRODUCT_BUNDLE_IDENTIFIER = "youngwoo.github-actions-practiceUITests";
				PRODUCT_NAME = "$(TARGET_NAME)";
				SWIFT_EMIT_LOC_STRINGS = NO;
				SWIFT_VERSION = 5.0;
				TARGETED_DEVICE_FAMILY = "1,2";
				TEST_TARGET_NAME = github_actions_practice;
			};
			name = Release;
		};
/* End XCBuildConfiguration section */

/* Begin XCConfigurationList section */
		DCCF8E8E2ACE476F00E376E9 /* Build configuration list for PBXProject "github_actions_practice" */ = {
			isa = XCConfigurationList;
			buildConfigurations = (
				DCCF8EBB2ACE477700E376E9 /* Debug */,
				DCCF8EBC2ACE477700E376E9 /* Release */,
			);
			defaultConfigurationIsVisible = 0;
			defaultConfigurationName = Release;
		};
		DCCF8EBD2ACE477700E376E9 /* Build configuration list for PBXNativeTarget "github_actions_practice" */ = {
			isa = XCConfigurationList;
			buildConfigurations = (
				DCCF8EBE2ACE477700E376E9 /* Debug */,
				DCCF8EBF2ACE477700E376E9 /* Release */,
			);
			defaultConfigurationIsVisible = 0;
			defaultConfigurationName = Release;
		};
		DCCF8EC02ACE477700E376E9 /* Build configuration list for PBXNativeTarget "github_actions_practiceTests" */ = {
			isa = XCConfigurationList;
			buildConfigurations = (
				DCCF8EC12ACE477700E376E9 /* Debug */,
				DCCF8EC22ACE477700E376E9 /* Release */,
			);
			defaultConfigurationIsVisible = 0;
			defaultConfigurationName = Release;
		};
		DCCF8EC32ACE477700E376E9 /* Build configuration list for PBXNativeTarget "github_actions_practiceUITests" */ = {
			isa = XCConfigurationList;
			buildConfigurations = (
				DCCF8EC42ACE477700E376E9 /* Debug */,
				DCCF8EC52ACE477700E376E9 /* Release */,
			);
			defaultConfigurationIsVisible = 0;
			defaultConfigurationName = Release;
		};
/* End XCConfigurationList section */
	};
	rootObject = DCCF8E8B2ACE476F00E376E9 /* Project object */;
}
